// !$*UTF8*$!
{
	archiveVersion = 1;
	classes = {
	};
	objectVersion = 55;
	objects = {

/* Begin PBXBuildFile section */
		00A06288228719D68F889F71 /* Pods_FlixTests.framework in Frameworks */ = {isa = PBXBuildFile; fileRef = 7E28C7DA2C0919D681C5C742 /* Pods_FlixTests.framework */; };
		0F756C9027B1F7BF00C701B3 /* MovieDetailsViewController.swift in Sources */ = {isa = PBXBuildFile; fileRef = 0F756C8F27B1F7BF00C701B3 /* MovieDetailsViewController.swift */; };
		0F756C9227B3520F00C701B3 /* MovieGridViewController.swift in Sources */ = {isa = PBXBuildFile; fileRef = 0F756C9127B3520F00C701B3 /* MovieGridViewController.swift */; };
		0F756C9427B359BC00C701B3 /* MovieGridCell.swift in Sources */ = {isa = PBXBuildFile; fileRef = 0F756C9327B359BC00C701B3 /* MovieGridCell.swift */; };
		0F793CE927AD7D0400D9D835 /* AppDelegate.swift in Sources */ = {isa = PBXBuildFile; fileRef = 0F793CE827AD7D0400D9D835 /* AppDelegate.swift */; };
		0F793CEB27AD7D0500D9D835 /* SceneDelegate.swift in Sources */ = {isa = PBXBuildFile; fileRef = 0F793CEA27AD7D0500D9D835 /* SceneDelegate.swift */; };
		0F793CED27AD7D0500D9D835 /* MoviesViewController.swift in Sources */ = {isa = PBXBuildFile; fileRef = 0F793CEC27AD7D0500D9D835 /* MoviesViewController.swift */; };
		0F793CF027AD7D0500D9D835 /* Main.storyboard in Resources */ = {isa = PBXBuildFile; fileRef = 0F793CEE27AD7D0500D9D835 /* Main.storyboard */; };
		0F793CF227AD7D0D00D9D835 /* Assets.xcassets in Resources */ = {isa = PBXBuildFile; fileRef = 0F793CF127AD7D0D00D9D835 /* Assets.xcassets */; };
		0F793CF527AD7D0D00D9D835 /* LaunchScreen.storyboard in Resources */ = {isa = PBXBuildFile; fileRef = 0F793CF327AD7D0D00D9D835 /* LaunchScreen.storyboard */; };
		0F793D0027AD7D0E00D9D835 /* FlixTests.swift in Sources */ = {isa = PBXBuildFile; fileRef = 0F793CFF27AD7D0E00D9D835 /* FlixTests.swift */; };
		0F793D0A27AD7D0E00D9D835 /* FlixUITests.swift in Sources */ = {isa = PBXBuildFile; fileRef = 0F793D0927AD7D0E00D9D835 /* FlixUITests.swift */; };
		0F793D0C27AD7D0E00D9D835 /* FlixUITestsLaunchTests.swift in Sources */ = {isa = PBXBuildFile; fileRef = 0F793D0B27AD7D0E00D9D835 /* FlixUITestsLaunchTests.swift */; };
		0F793D1927AD7D5700D9D835 /* MovieCell.swift in Sources */ = {isa = PBXBuildFile; fileRef = 0F793D1827AD7D5700D9D835 /* MovieCell.swift */; };
		0FD08F7259FC6C025667060C /* Pods_Flix.framework in Frameworks */ = {isa = PBXBuildFile; fileRef = B2B065CA5CB3B7214B791127 /* Pods_Flix.framework */; };
		D8A1879628ED3AE3C8961099 /* Pods_Flix_FlixUITests.framework in Frameworks */ = {isa = PBXBuildFile; fileRef = 17975F8375F2AE5FB32C6F30 /* Pods_Flix_FlixUITests.framework */; };
/* End PBXBuildFile section */

/* Begin PBXContainerItemProxy section */
		0F793CFC27AD7D0E00D9D835 /* PBXContainerItemProxy */ = {
			isa = PBXContainerItemProxy;
			containerPortal = 0F793CDD27AD7D0400D9D835 /* Project object */;
			proxyType = 1;
			remoteGlobalIDString = 0F793CE427AD7D0400D9D835;
			remoteInfo = Flix;
		};
		0F793D0627AD7D0E00D9D835 /* PBXContainerItemProxy */ = {
			isa = PBXContainerItemProxy;
			containerPortal = 0F793CDD27AD7D0400D9D835 /* Project object */;
			proxyType = 1;
			remoteGlobalIDString = 0F793CE427AD7D0400D9D835;
			remoteInfo = Flix;
		};
/* End PBXContainerItemProxy section */

/* Begin PBXFileReference section */
		0F756C8F27B1F7BF00C701B3 /* MovieDetailsViewController.swift */ = {isa = PBXFileReference; lastKnownFileType = sourcecode.swift; path = MovieDetailsViewController.swift; sourceTree = "<group>"; };
		0F756C9127B3520F00C701B3 /* MovieGridViewController.swift */ = {isa = PBXFileReference; lastKnownFileType = sourcecode.swift; path = MovieGridViewController.swift; sourceTree = "<group>"; };
		0F756C9327B359BC00C701B3 /* MovieGridCell.swift */ = {isa = PBXFileReference; lastKnownFileType = sourcecode.swift; path = MovieGridCell.swift; sourceTree = "<group>"; };
		0F793CE527AD7D0400D9D835 /* Flix.app */ = {isa = PBXFileReference; explicitFileType = wrapper.application; includeInIndex = 0; path = Flix.app; sourceTree = BUILT_PRODUCTS_DIR; };
		0F793CE827AD7D0400D9D835 /* AppDelegate.swift */ = {isa = PBXFileReference; lastKnownFileType = sourcecode.swift; path = AppDelegate.swift; sourceTree = "<group>"; };
		0F793CEA27AD7D0500D9D835 /* SceneDelegate.swift */ = {isa = PBXFileReference; lastKnownFileType = sourcecode.swift; path = SceneDelegate.swift; sourceTree = "<group>"; };
		0F793CEC27AD7D0500D9D835 /* MoviesViewController.swift */ = {isa = PBXFileReference; lastKnownFileType = sourcecode.swift; path = MoviesViewController.swift; sourceTree = "<group>"; };
		0F793CEF27AD7D0500D9D835 /* Base */ = {isa = PBXFileReference; lastKnownFileType = file.storyboard; name = Base; path = Base.lproj/Main.storyboard; sourceTree = "<group>"; };
		0F793CF127AD7D0D00D9D835 /* Assets.xcassets */ = {isa = PBXFileReference; lastKnownFileType = folder.assetcatalog; path = Assets.xcassets; sourceTree = "<group>"; };
		0F793CF427AD7D0D00D9D835 /* Base */ = {isa = PBXFileReference; lastKnownFileType = file.storyboard; name = Base; path = Base.lproj/LaunchScreen.storyboard; sourceTree = "<group>"; };
		0F793CF627AD7D0D00D9D835 /* Info.plist */ = {isa = PBXFileReference; lastKnownFileType = text.plist.xml; path = Info.plist; sourceTree = "<group>"; };
		0F793CFB27AD7D0E00D9D835 /* FlixTests.xctest */ = {isa = PBXFileReference; explicitFileType = wrapper.cfbundle; includeInIndex = 0; path = FlixTests.xctest; sourceTree = BUILT_PRODUCTS_DIR; };
		0F793CFF27AD7D0E00D9D835 /* FlixTests.swift */ = {isa = PBXFileReference; lastKnownFileType = sourcecode.swift; path = FlixTests.swift; sourceTree = "<group>"; };
		0F793D0527AD7D0E00D9D835 /* FlixUITests.xctest */ = {isa = PBXFileReference; explicitFileType = wrapper.cfbundle; includeInIndex = 0; path = FlixUITests.xctest; sourceTree = BUILT_PRODUCTS_DIR; };
		0F793D0927AD7D0E00D9D835 /* FlixUITests.swift */ = {isa = PBXFileReference; lastKnownFileType = sourcecode.swift; path = FlixUITests.swift; sourceTree = "<group>"; };
		0F793D0B27AD7D0E00D9D835 /* FlixUITestsLaunchTests.swift */ = {isa = PBXFileReference; lastKnownFileType = sourcecode.swift; path = FlixUITestsLaunchTests.swift; sourceTree = "<group>"; };
		0F793D1827AD7D5700D9D835 /* MovieCell.swift */ = {isa = PBXFileReference; lastKnownFileType = sourcecode.swift; path = MovieCell.swift; sourceTree = "<group>"; };
		17975F8375F2AE5FB32C6F30 /* Pods_Flix_FlixUITests.framework */ = {isa = PBXFileReference; explicitFileType = wrapper.framework; includeInIndex = 0; path = Pods_Flix_FlixUITests.framework; sourceTree = BUILT_PRODUCTS_DIR; };
		244CFDEE4831233135A7411F /* Pods-Flix-FlixUITests.release.xcconfig */ = {isa = PBXFileReference; includeInIndex = 1; lastKnownFileType = text.xcconfig; name = "Pods-Flix-FlixUITests.release.xcconfig"; path = "Target Support Files/Pods-Flix-FlixUITests/Pods-Flix-FlixUITests.release.xcconfig"; sourceTree = "<group>"; };
		3D9881FB69D38CF7A755A60E /* Pods-FlixTests.debug.xcconfig */ = {isa = PBXFileReference; includeInIndex = 1; lastKnownFileType = text.xcconfig; name = "Pods-FlixTests.debug.xcconfig"; path = "Target Support Files/Pods-FlixTests/Pods-FlixTests.debug.xcconfig"; sourceTree = "<group>"; };
		6D60051D1065EED0A9B2CEBC /* Pods-Flix.release.xcconfig */ = {isa = PBXFileReference; includeInIndex = 1; lastKnownFileType = text.xcconfig; name = "Pods-Flix.release.xcconfig"; path = "Target Support Files/Pods-Flix/Pods-Flix.release.xcconfig"; sourceTree = "<group>"; };
		7E28C7DA2C0919D681C5C742 /* Pods_FlixTests.framework */ = {isa = PBXFileReference; explicitFileType = wrapper.framework; includeInIndex = 0; path = Pods_FlixTests.framework; sourceTree = BUILT_PRODUCTS_DIR; };
		9A7A763D23C42E13839A6486 /* Pods-Flix-FlixUITests.debug.xcconfig */ = {isa = PBXFileReference; includeInIndex = 1; lastKnownFileType = text.xcconfig; name = "Pods-Flix-FlixUITests.debug.xcconfig"; path = "Target Support Files/Pods-Flix-FlixUITests/Pods-Flix-FlixUITests.debug.xcconfig"; sourceTree = "<group>"; };
		A9E670A5BFEB9CBB6CA35402 /* Pods-Flix.debug.xcconfig */ = {isa = PBXFileReference; includeInIndex = 1; lastKnownFileType = text.xcconfig; name = "Pods-Flix.debug.xcconfig"; path = "Target Support Files/Pods-Flix/Pods-Flix.debug.xcconfig"; sourceTree = "<group>"; };
		AB6E9C7C99B12DD6DF20FCC7 /* Pods-FlixTests.release.xcconfig */ = {isa = PBXFileReference; includeInIndex = 1; lastKnownFileType = text.xcconfig; name = "Pods-FlixTests.release.xcconfig"; path = "Target Support Files/Pods-FlixTests/Pods-FlixTests.release.xcconfig"; sourceTree = "<group>"; };
		B2B065CA5CB3B7214B791127 /* Pods_Flix.framework */ = {isa = PBXFileReference; explicitFileType = wrapper.framework; includeInIndex = 0; path = Pods_Flix.framework; sourceTree = BUILT_PRODUCTS_DIR; };
/* End PBXFileReference section */

/* Begin PBXFrameworksBuildPhase section */
		0F793CE227AD7D0400D9D835 /* Frameworks */ = {
			isa = PBXFrameworksBuildPhase;
			buildActionMask = 2147483647;
			files = (
				0FD08F7259FC6C025667060C /* Pods_Flix.framework in Frameworks */,
			);
			runOnlyForDeploymentPostprocessing = 0;
		};
		0F793CF827AD7D0E00D9D835 /* Frameworks */ = {
			isa = PBXFrameworksBuildPhase;
			buildActionMask = 2147483647;
			files = (
				00A06288228719D68F889F71 /* Pods_FlixTests.framework in Frameworks */,
			);
			runOnlyForDeploymentPostprocessing = 0;
		};
		0F793D0227AD7D0E00D9D835 /* Frameworks */ = {
			isa = PBXFrameworksBuildPhase;
			buildActionMask = 2147483647;
			files = (
				D8A1879628ED3AE3C8961099 /* Pods_Flix_FlixUITests.framework in Frameworks */,
			);
			runOnlyForDeploymentPostprocessing = 0;
		};
/* End PBXFrameworksBuildPhase section */

/* Begin PBXGroup section */
		0F793CDC27AD7D0400D9D835 = {
			isa = PBXGroup;
			children = (
				0F793CE727AD7D0400D9D835 /* Flix */,
				0F793CFE27AD7D0E00D9D835 /* FlixTests */,
				0F793D0827AD7D0E00D9D835 /* FlixUITests */,
				0F793CE627AD7D0400D9D835 /* Products */,
				5639A2D768D3D30F0E94F76E /* Pods */,
				D252017509453712D4E37CED /* Frameworks */,
			);
			sourceTree = "<group>";
		};
		0F793CE627AD7D0400D9D835 /* Products */ = {
			isa = PBXGroup;
			children = (
				0F793CE527AD7D0400D9D835 /* Flix.app */,
				0F793CFB27AD7D0E00D9D835 /* FlixTests.xctest */,
				0F793D0527AD7D0E00D9D835 /* FlixUITests.xctest */,
			);
			name = Products;
			sourceTree = "<group>";
		};
		0F793CE727AD7D0400D9D835 /* Flix */ = {
			isa = PBXGroup;
			children = (
				0F793CE827AD7D0400D9D835 /* AppDelegate.swift */,
				0F793CEA27AD7D0500D9D835 /* SceneDelegate.swift */,
				0F793CEC27AD7D0500D9D835 /* MoviesViewController.swift */,
				0F793D1827AD7D5700D9D835 /* MovieCell.swift */,
				0F756C8F27B1F7BF00C701B3 /* MovieDetailsViewController.swift */,
				0F756C9127B3520F00C701B3 /* MovieGridViewController.swift */,
				0F756C9327B359BC00C701B3 /* MovieGridCell.swift */,
				0F793CEE27AD7D0500D9D835 /* Main.storyboard */,
				0F793CF127AD7D0D00D9D835 /* Assets.xcassets */,
				0F793CF327AD7D0D00D9D835 /* LaunchScreen.storyboard */,
				0F793CF627AD7D0D00D9D835 /* Info.plist */,
			);
			path = Flix;
			sourceTree = "<group>";
		};
		0F793CFE27AD7D0E00D9D835 /* FlixTests */ = {
			isa = PBXGroup;
			children = (
				0F793CFF27AD7D0E00D9D835 /* FlixTests.swift */,
			);
			path = FlixTests;
			sourceTree = "<group>";
		};
		0F793D0827AD7D0E00D9D835 /* FlixUITests */ = {
			isa = PBXGroup;
			children = (
				0F793D0927AD7D0E00D9D835 /* FlixUITests.swift */,
				0F793D0B27AD7D0E00D9D835 /* FlixUITestsLaunchTests.swift */,
			);
			path = FlixUITests;
			sourceTree = "<group>";
		};
		5639A2D768D3D30F0E94F76E /* Pods */ = {
			isa = PBXGroup;
			children = (
				A9E670A5BFEB9CBB6CA35402 /* Pods-Flix.debug.xcconfig */,
				6D60051D1065EED0A9B2CEBC /* Pods-Flix.release.xcconfig */,
				9A7A763D23C42E13839A6486 /* Pods-Flix-FlixUITests.debug.xcconfig */,
				244CFDEE4831233135A7411F /* Pods-Flix-FlixUITests.release.xcconfig */,
				3D9881FB69D38CF7A755A60E /* Pods-FlixTests.debug.xcconfig */,
				AB6E9C7C99B12DD6DF20FCC7 /* Pods-FlixTests.release.xcconfig */,
			);
			path = Pods;
			sourceTree = "<group>";
		};
		D252017509453712D4E37CED /* Frameworks */ = {
			isa = PBXGroup;
			children = (
				B2B065CA5CB3B7214B791127 /* Pods_Flix.framework */,
				17975F8375F2AE5FB32C6F30 /* Pods_Flix_FlixUITests.framework */,
				7E28C7DA2C0919D681C5C742 /* Pods_FlixTests.framework */,
			);
			name = Frameworks;
			sourceTree = "<group>";
		};
/* End PBXGroup section */

/* Begin PBXNativeTarget section */
		0F793CE427AD7D0400D9D835 /* Flix */ = {
			isa = PBXNativeTarget;
			buildConfigurationList = 0F793D0F27AD7D0E00D9D835 /* Build configuration list for PBXNativeTarget "Flix" */;
			buildPhases = (
				ECF07CD2C867A12A4B04AD8F /* [CP] Check Pods Manifest.lock */,
				0F793CE127AD7D0400D9D835 /* Sources */,
				0F793CE227AD7D0400D9D835 /* Frameworks */,
				0F793CE327AD7D0400D9D835 /* Resources */,
				A233600F171F7848DB419A1F /* [CP] Embed Pods Frameworks */,
			);
			buildRules = (
			);
			dependencies = (
			);
			name = Flix;
			productName = Flix;
			productReference = 0F793CE527AD7D0400D9D835 /* Flix.app */;
			productType = "com.apple.product-type.application";
		};
		0F793CFA27AD7D0E00D9D835 /* FlixTests */ = {
			isa = PBXNativeTarget;
			buildConfigurationList = 0F793D1227AD7D0E00D9D835 /* Build configuration list for PBXNativeTarget "FlixTests" */;
			buildPhases = (
				2032482EB635A894C36BC47A /* [CP] Check Pods Manifest.lock */,
				0F793CF727AD7D0E00D9D835 /* Sources */,
				0F793CF827AD7D0E00D9D835 /* Frameworks */,
				0F793CF927AD7D0E00D9D835 /* Resources */,
			);
			buildRules = (
			);
			dependencies = (
				0F793CFD27AD7D0E00D9D835 /* PBXTargetDependency */,
			);
			name = FlixTests;
			productName = FlixTests;
			productReference = 0F793CFB27AD7D0E00D9D835 /* FlixTests.xctest */;
			productType = "com.apple.product-type.bundle.unit-test";
		};
		0F793D0427AD7D0E00D9D835 /* FlixUITests */ = {
			isa = PBXNativeTarget;
			buildConfigurationList = 0F793D1527AD7D0E00D9D835 /* Build configuration list for PBXNativeTarget "FlixUITests" */;
			buildPhases = (
				91631EC080391E9559763432 /* [CP] Check Pods Manifest.lock */,
				0F793D0127AD7D0E00D9D835 /* Sources */,
				0F793D0227AD7D0E00D9D835 /* Frameworks */,
				0F793D0327AD7D0E00D9D835 /* Resources */,
				1E06C28FC186D2CB6A8EA16B /* [CP] Embed Pods Frameworks */,
			);
			buildRules = (
			);
			dependencies = (
				0F793D0727AD7D0E00D9D835 /* PBXTargetDependency */,
			);
			name = FlixUITests;
			productName = FlixUITests;
			productReference = 0F793D0527AD7D0E00D9D835 /* FlixUITests.xctest */;
			productType = "com.apple.product-type.bundle.ui-testing";
		};
/* End PBXNativeTarget section */

/* Begin PBXProject section */
		0F793CDD27AD7D0400D9D835 /* Project object */ = {
			isa = PBXProject;
			attributes = {
				BuildIndependentTargetsInParallel = 1;
				LastSwiftUpdateCheck = 1320;
				LastUpgradeCheck = 1320;
				TargetAttributes = {
					0F793CE427AD7D0400D9D835 = {
						CreatedOnToolsVersion = 13.2.1;
					};
					0F793CFA27AD7D0E00D9D835 = {
						CreatedOnToolsVersion = 13.2.1;
						TestTargetID = 0F793CE427AD7D0400D9D835;
					};
					0F793D0427AD7D0E00D9D835 = {
						CreatedOnToolsVersion = 13.2.1;
						TestTargetID = 0F793CE427AD7D0400D9D835;
					};
				};
			};
			buildConfigurationList = 0F793CE027AD7D0400D9D835 /* Build configuration list for PBXProject "Flix" */;
			compatibilityVersion = "Xcode 13.0";
			developmentRegion = en;
			hasScannedForEncodings = 0;
			knownRegions = (
				en,
				Base,
			);
			mainGroup = 0F793CDC27AD7D0400D9D835;
			productRefGroup = 0F793CE627AD7D0400D9D835 /* Products */;
			projectDirPath = "";
			projectRoot = "";
			targets = (
				0F793CE427AD7D0400D9D835 /* Flix */,
				0F793CFA27AD7D0E00D9D835 /* FlixTests */,
				0F793D0427AD7D0E00D9D835 /* FlixUITests */,
			);
		};
/* End PBXProject section */

/* Begin PBXResourcesBuildPhase section */
		0F793CE327AD7D0400D9D835 /* Resources */ = {
			isa = PBXResourcesBuildPhase;
			buildActionMask = 2147483647;
			files = (
				0F793CF527AD7D0D00D9D835 /* LaunchScreen.storyboard in Resources */,
				0F793CF227AD7D0D00D9D835 /* Assets.xcassets in Resources */,
				0F793CF027AD7D0500D9D835 /* Main.storyboard in Resources */,
			);
			runOnlyForDeploymentPostprocessing = 0;
		};
		0F793CF927AD7D0E00D9D835 /* Resources */ = {
			isa = PBXResourcesBuildPhase;
			buildActionMask = 2147483647;
			files = (
			);
			runOnlyForDeploymentPostprocessing = 0;
		};
		0F793D0327AD7D0E00D9D835 /* Resources */ = {
			isa = PBXResourcesBuildPhase;
			buildActionMask = 2147483647;
			files = (
			);
			runOnlyForDeploymentPostprocessing = 0;
		};
/* End PBXResourcesBuildPhase section */

/* Begin PBXShellScriptBuildPhase section */
		1E06C28FC186D2CB6A8EA16B /* [CP] Embed Pods Frameworks */ = {
			isa = PBXShellScriptBuildPhase;
			buildActionMask = 2147483647;
			files = (
			);
			inputFileListPaths = (
				"${PODS_ROOT}/Target Support Files/Pods-Flix-FlixUITests/Pods-Flix-FlixUITests-frameworks-${CONFIGURATION}-input-files.xcfilelist",
			);
			name = "[CP] Embed Pods Frameworks";
			outputFileListPaths = (
				"${PODS_ROOT}/Target Support Files/Pods-Flix-FlixUITests/Pods-Flix-FlixUITests-frameworks-${CONFIGURATION}-output-files.xcfilelist",
			);
			runOnlyForDeploymentPostprocessing = 0;
			shellPath = /bin/sh;
			shellScript = "\"${PODS_ROOT}/Target Support Files/Pods-Flix-FlixUITests/Pods-Flix-FlixUITests-frameworks.sh\"\n";
			showEnvVarsInLog = 0;
		};
		2032482EB635A894C36BC47A /* [CP] Check Pods Manifest.lock */ = {
			isa = PBXShellScriptBuildPhase;
			buildActionMask = 2147483647;
			files = (
			);
			inputFileListPaths = (
			);
			inputPaths = (
				"${PODS_PODFILE_DIR_PATH}/Podfile.lock",
				"${PODS_ROOT}/Manifest.lock",
			);
			name = "[CP] Check Pods Manifest.lock";
			outputFileListPaths = (
			);
			outputPaths = (
				"$(DERIVED_FILE_DIR)/Pods-FlixTests-checkManifestLockResult.txt",
			);
			runOnlyForDeploymentPostprocessing = 0;
			shellPath = /bin/sh;
			shellScript = "diff \"${PODS_PODFILE_DIR_PATH}/Podfile.lock\" \"${PODS_ROOT}/Manifest.lock\" > /dev/null\nif [ $? != 0 ] ; then\n    # print error to STDERR\n    echo \"error: The sandbox is not in sync with the Podfile.lock. Run 'pod install' or update your CocoaPods installation.\" >&2\n    exit 1\nfi\n# This output is used by Xcode 'outputs' to avoid re-running this script phase.\necho \"SUCCESS\" > \"${SCRIPT_OUTPUT_FILE_0}\"\n";
			showEnvVarsInLog = 0;
		};
		91631EC080391E9559763432 /* [CP] Check Pods Manifest.lock */ = {
			isa = PBXShellScriptBuildPhase;
			buildActionMask = 2147483647;
			files = (
			);
			inputFileListPaths = (
			);
			inputPaths = (
				"${PODS_PODFILE_DIR_PATH}/Podfile.lock",
				"${PODS_ROOT}/Manifest.lock",
			);
			name = "[CP] Check Pods Manifest.lock";
			outputFileListPaths = (
			);
			outputPaths = (
				"$(DERIVED_FILE_DIR)/Pods-Flix-FlixUITests-checkManifestLockResult.txt",
			);
			runOnlyForDeploymentPostprocessing = 0;
			shellPath = /bin/sh;
			shellScript = "diff \"${PODS_PODFILE_DIR_PATH}/Podfile.lock\" \"${PODS_ROOT}/Manifest.lock\" > /dev/null\nif [ $? != 0 ] ; then\n    # print error to STDERR\n    echo \"error: The sandbox is not in sync with the Podfile.lock. Run 'pod install' or update your CocoaPods installation.\" >&2\n    exit 1\nfi\n# This output is used by Xcode 'outputs' to avoid re-running this script phase.\necho \"SUCCESS\" > \"${SCRIPT_OUTPUT_FILE_0}\"\n";
			showEnvVarsInLog = 0;
		};
		A233600F171F7848DB419A1F /* [CP] Embed Pods Frameworks */ = {
			isa = PBXShellScriptBuildPhase;
			buildActionMask = 2147483647;
			files = (
			);
			inputFileListPaths = (
				"${PODS_ROOT}/Target Support Files/Pods-Flix/Pods-Flix-frameworks-${CONFIGURATION}-input-files.xcfilelist",
			);
			name = "[CP] Embed Pods Frameworks";
			outputFileListPaths = (
				"${PODS_ROOT}/Target Support Files/Pods-Flix/Pods-Flix-frameworks-${CONFIGURATION}-output-files.xcfilelist",
			);
			runOnlyForDeploymentPostprocessing = 0;
			shellPath = /bin/sh;
			shellScript = "\"${PODS_ROOT}/Target Support Files/Pods-Flix/Pods-Flix-frameworks.sh\"\n";
			showEnvVarsInLog = 0;
		};
		ECF07CD2C867A12A4B04AD8F /* [CP] Check Pods Manifest.lock */ = {
			isa = PBXShellScriptBuildPhase;
			buildActionMask = 2147483647;
			files = (
			);
			inputFileListPaths = (
			);
			inputPaths = (
				"${PODS_PODFILE_DIR_PATH}/Podfile.lock",
				"${PODS_ROOT}/Manifest.lock",
			);
			name = "[CP] Check Pods Manifest.lock";
			outputFileListPaths = (
			);
			outputPaths = (
				"$(DERIVED_FILE_DIR)/Pods-Flix-checkManifestLockResult.txt",
			);
			runOnlyForDeploymentPostprocessing = 0;
			shellPath = /bin/sh;
			shellScript = "diff \"${PODS_PODFILE_DIR_PATH}/Podfile.lock\" \"${PODS_ROOT}/Manifest.lock\" > /dev/null\nif [ $? != 0 ] ; then\n    # print error to STDERR\n    echo \"error: The sandbox is not in sync with the Podfile.lock. Run 'pod install' or update your CocoaPods installation.\" >&2\n    exit 1\nfi\n# This output is used by Xcode 'outputs' to avoid re-running this script phase.\necho \"SUCCESS\" > \"${SCRIPT_OUTPUT_FILE_0}\"\n";
			showEnvVarsInLog = 0;
		};
/* End PBXShellScriptBuildPhase section */

/* Begin PBXSourcesBuildPhase section */
		0F793CE127AD7D0400D9D835 /* Sources */ = {
			isa = PBXSourcesBuildPhase;
			buildActionMask = 2147483647;
			files = (
				0F756C9027B1F7BF00C701B3 /* MovieDetailsViewController.swift in Sources */,
				0F793CED27AD7D0500D9D835 /* MoviesViewController.swift in Sources */,
				0F793CE927AD7D0400D9D835 /* AppDelegate.swift in Sources */,
				0F793D1927AD7D5700D9D835 /* MovieCell.swift in Sources */,
				0F793CEB27AD7D0500D9D835 /* SceneDelegate.swift in Sources */,
				0F756C9227B3520F00C701B3 /* MovieGridViewController.swift in Sources */,
				0F756C9427B359BC00C701B3 /* MovieGridCell.swift in Sources */,
			);
			runOnlyForDeploymentPostprocessing = 0;
		};
		0F793CF727AD7D0E00D9D835 /* Sources */ = {
			isa = PBXSourcesBuildPhase;
			buildActionMask = 2147483647;
			files = (
				0F793D0027AD7D0E00D9D835 /* FlixTests.swift in Sources */,
			);
			runOnlyForDeploymentPostprocessing = 0;
		};
		0F793D0127AD7D0E00D9D835 /* Sources */ = {
			isa = PBXSourcesBuildPhase;
			buildActionMask = 2147483647;
			files = (
				0F793D0A27AD7D0E00D9D835 /* FlixUITests.swift in Sources */,
				0F793D0C27AD7D0E00D9D835 /* FlixUITestsLaunchTests.swift in Sources */,
			);
			runOnlyForDeploymentPostprocessing = 0;
		};
/* End PBXSourcesBuildPhase section */

/* Begin PBXTargetDependency section */
		0F793CFD27AD7D0E00D9D835 /* PBXTargetDependency */ = {
			isa = PBXTargetDependency;
			target = 0F793CE427AD7D0400D9D835 /* Flix */;
			targetProxy = 0F793CFC27AD7D0E00D9D835 /* PBXContainerItemProxy */;
		};
		0F793D0727AD7D0E00D9D835 /* PBXTargetDependency */ = {
			isa = PBXTargetDependency;
			target = 0F793CE427AD7D0400D9D835 /* Flix */;
			targetProxy = 0F793D0627AD7D0E00D9D835 /* PBXContainerItemProxy */;
		};
/* End PBXTargetDependency section */

/* Begin PBXVariantGroup section */
		0F793CEE27AD7D0500D9D835 /* Main.storyboard */ = {
			isa = PBXVariantGroup;
			children = (
				0F793CEF27AD7D0500D9D835 /* Base */,
			);
			name = Main.storyboard;
			sourceTree = "<group>";
		};
		0F793CF327AD7D0D00D9D835 /* LaunchScreen.storyboard */ = {
			isa = PBXVariantGroup;
			children = (
				0F793CF427AD7D0D00D9D835 /* Base */,
			);
			name = LaunchScreen.storyboard;
			sourceTree = "<group>";
		};
/* End PBXVariantGroup section */

/* Begin XCBuildConfiguration section */
		0F793D0D27AD7D0E00D9D835 /* Debug */ = {
			isa = XCBuildConfiguration;
			buildSettings = {
				ALWAYS_SEARCH_USER_PATHS = NO;
				CLANG_ANALYZER_NONNULL = YES;
				CLANG_ANALYZER_NUMBER_OBJECT_CONVERSION = YES_AGGRESSIVE;
				CLANG_CXX_LANGUAGE_STANDARD = "gnu++17";
				CLANG_CXX_LIBRARY = "libc++";
				CLANG_ENABLE_MODULES = YES;
				CLANG_ENABLE_OBJC_ARC = YES;
				CLANG_ENABLE_OBJC_WEAK = YES;
				CLANG_WARN_BLOCK_CAPTURE_AUTORELEASING = YES;
				CLANG_WARN_BOOL_CONVERSION = YES;
				CLANG_WARN_COMMA = YES;
				CLANG_WARN_CONSTANT_CONVERSION = YES;
				CLANG_WARN_DEPRECATED_OBJC_IMPLEMENTATIONS = YES;
				CLANG_WARN_DIRECT_OBJC_ISA_USAGE = YES_ERROR;
				CLANG_WARN_DOCUMENTATION_COMMENTS = YES;
				CLANG_WARN_EMPTY_BODY = YES;
				CLANG_WARN_ENUM_CONVERSION = YES;
				CLANG_WARN_INFINITE_RECURSION = YES;
				CLANG_WARN_INT_CONVERSION = YES;
				CLANG_WARN_NON_LITERAL_NULL_CONVERSION = YES;
				CLANG_WARN_OBJC_IMPLICIT_RETAIN_SELF = YES;
				CLANG_WARN_OBJC_LITERAL_CONVERSION = YES;
				CLANG_WARN_OBJC_ROOT_CLASS = YES_ERROR;
				CLANG_WARN_QUOTED_INCLUDE_IN_FRAMEWORK_HEADER = YES;
				CLANG_WARN_RANGE_LOOP_ANALYSIS = YES;
				CLANG_WARN_STRICT_PROTOTYPES = YES;
				CLANG_WARN_SUSPICIOUS_MOVE = YES;
				CLANG_WARN_UNGUARDED_AVAILABILITY = YES_AGGRESSIVE;
				CLANG_WARN_UNREACHABLE_CODE = YES;
				CLANG_WARN__DUPLICATE_METHOD_MATCH = YES;
				COPY_PHASE_STRIP = NO;
				DEBUG_INFORMATION_FORMAT = dwarf;
				ENABLE_STRICT_OBJC_MSGSEND = YES;
				ENABLE_TESTABILITY = YES;
				GCC_C_LANGUAGE_STANDARD = gnu11;
				GCC_DYNAMIC_NO_PIC = NO;
				GCC_NO_COMMON_BLOCKS = YES;
				GCC_OPTIMIZATION_LEVEL = 0;
				GCC_PREPROCESSOR_DEFINITIONS = (
					"DEBUG=1",
					"$(inherited)",
				);
				GCC_WARN_64_TO_32_BIT_CONVERSION = YES;
				GCC_WARN_ABOUT_RETURN_TYPE = YES_ERROR;
				GCC_WARN_UNDECLARED_SELECTOR = YES;
				GCC_WARN_UNINITIALIZED_AUTOS = YES_AGGRESSIVE;
				GCC_WARN_UNUSED_FUNCTION = YES;
				GCC_WARN_UNUSED_VARIABLE = YES;
				IPHONEOS_DEPLOYMENT_TARGET = 15.2;
				MTL_ENABLE_DEBUG_INFO = INCLUDE_SOURCE;
				MTL_FAST_MATH = YES;
				ONLY_ACTIVE_ARCH = YES;
				SDKROOT = iphoneos;
				SWIFT_ACTIVE_COMPILATION_CONDITIONS = DEBUG;
				SWIFT_OPTIMIZATION_LEVEL = "-Onone";
			};
			name = Debug;
		};
		0F793D0E27AD7D0E00D9D835 /* Release */ = {
			isa = XCBuildConfiguration;
			buildSettings = {
				ALWAYS_SEARCH_USER_PATHS = NO;
				CLANG_ANALYZER_NONNULL = YES;
				CLANG_ANALYZER_NUMBER_OBJECT_CONVERSION = YES_AGGRESSIVE;
				CLANG_CXX_LANGUAGE_STANDARD = "gnu++17";
				CLANG_CXX_LIBRARY = "libc++";
				CLANG_ENABLE_MODULES = YES;
				CLANG_ENABLE_OBJC_ARC = YES;
				CLANG_ENABLE_OBJC_WEAK = YES;
				CLANG_WARN_BLOCK_CAPTURE_AUTORELEASING = YES;
				CLANG_WARN_BOOL_CONVERSION = YES;
				CLANG_WARN_COMMA = YES;
				CLANG_WARN_CONSTANT_CONVERSION = YES;
				CLANG_WARN_DEPRECATED_OBJC_IMPLEMENTATIONS = YES;
				CLANG_WARN_DIRECT_OBJC_ISA_USAGE = YES_ERROR;
				CLANG_WARN_DOCUMENTATION_COMMENTS = YES;
				CLANG_WARN_EMPTY_BODY = YES;
				CLANG_WARN_ENUM_CONVERSION = YES;
				CLANG_WARN_INFINITE_RECURSION = YES;
				CLANG_WARN_INT_CONVERSION = YES;
				CLANG_WARN_NON_LITERAL_NULL_CONVERSION = YES;
				CLANG_WARN_OBJC_IMPLICIT_RETAIN_SELF = YES;
				CLANG_WARN_OBJC_LITERAL_CONVERSION = YES;
				CLANG_WARN_OBJC_ROOT_CLASS = YES_ERROR;
				CLANG_WARN_QUOTED_INCLUDE_IN_FRAMEWORK_HEADER = YES;
				CLANG_WARN_RANGE_LOOP_ANALYSIS = YES;
				CLANG_WARN_STRICT_PROTOTYPES = YES;
				CLANG_WARN_SUSPICIOUS_MOVE = YES;
				CLANG_WARN_UNGUARDED_AVAILABILITY = YES_AGGRESSIVE;
				CLANG_WARN_UNREACHABLE_CODE = YES;
				CLANG_WARN__DUPLICATE_METHOD_MATCH = YES;
				COPY_PHASE_STRIP = NO;
				DEBUG_INFORMATION_FORMAT = "dwarf-with-dsym";
				ENABLE_NS_ASSERTIONS = NO;
				ENABLE_STRICT_OBJC_MSGSEND = YES;
				GCC_C_LANGUAGE_STANDARD = gnu11;
				GCC_NO_COMMON_BLOCKS = YES;
				GCC_WARN_64_TO_32_BIT_CONVERSION = YES;
				GCC_WARN_ABOUT_RETURN_TYPE = YES_ERROR;
				GCC_WARN_UNDECLARED_SELECTOR = YES;
				GCC_WARN_UNINITIALIZED_AUTOS = YES_AGGRESSIVE;
				GCC_WARN_UNUSED_FUNCTION = YES;
				GCC_WARN_UNUSED_VARIABLE = YES;
				IPHONEOS_DEPLOYMENT_TARGET = 15.2;
				MTL_ENABLE_DEBUG_INFO = NO;
				MTL_FAST_MATH = YES;
				SDKROOT = iphoneos;
				SWIFT_COMPILATION_MODE = wholemodule;
				SWIFT_OPTIMIZATION_LEVEL = "-O";
				VALIDATE_PRODUCT = YES;
			};
			name = Release;
		};
		0F793D1027AD7D0E00D9D835 /* Debug */ = {
			isa = XCBuildConfiguration;
			baseConfigurationReference = A9E670A5BFEB9CBB6CA35402 /* Pods-Flix.debug.xcconfig */;
			buildSettings = {
				ASSETCATALOG_COMPILER_APPICON_NAME = AppIcon;
				ASSETCATALOG_COMPILER_GLOBAL_ACCENT_COLOR_NAME = AccentColor;
				CODE_SIGN_STYLE = Automatic;
				CURRENT_PROJECT_VERSION = 1;
				DEVELOPMENT_TEAM = RPUYY564DK;
				GENERATE_INFOPLIST_FILE = YES;
				INFOPLIST_FILE = Flix/Info.plist;
				INFOPLIST_KEY_UIApplicationSupportsIndirectInputEvents = YES;
				INFOPLIST_KEY_UILaunchStoryboardName = LaunchScreen;
				INFOPLIST_KEY_UIMainStoryboardFile = Main;
				INFOPLIST_KEY_UISupportedInterfaceOrientations_iPad = "UIInterfaceOrientationPortrait UIInterfaceOrientationPortraitUpsideDown UIInterfaceOrientationLandscapeLeft UIInterfaceOrientationLandscapeRight";
				INFOPLIST_KEY_UISupportedInterfaceOrientations_iPhone = "UIInterfaceOrientationPortrait UIInterfaceOrientationLandscapeLeft UIInterfaceOrientationLandscapeRight";
				LD_RUNPATH_SEARCH_PATHS = (
					"$(inherited)",
					"@executable_path/Frameworks",
				);
				MARKETING_VERSION = 1.0;
				PRODUCT_BUNDLE_IDENTIFIER = com.codepath.Flix.ramyar.Flix;
				PRODUCT_NAME = "$(TARGET_NAME)";
				SWIFT_EMIT_LOC_STRINGS = YES;
				SWIFT_VERSION = 5.0;
				TARGETED_DEVICE_FAMILY = "1,2";
			};
			name = Debug;
		};
		0F793D1127AD7D0E00D9D835 /* Release */ = {
			isa = XCBuildConfiguration;
			baseConfigurationReference = 6D60051D1065EED0A9B2CEBC /* Pods-Flix.release.xcconfig */;
			buildSettings = {
				ASSETCATALOG_COMPILER_APPICON_NAME = AppIcon;
				ASSETCATALOG_COMPILER_GLOBAL_ACCENT_COLOR_NAME = AccentColor;
				CODE_SIGN_STYLE = Automatic;
				CURRENT_PROJECT_VERSION = 1;
				DEVELOPMENT_TEAM = RPUYY564DK;
				GENERATE_INFOPLIST_FILE = YES;
				INFOPLIST_FILE = Flix/Info.plist;
				INFOPLIST_KEY_UIApplicationSupportsIndirectInputEvents = YES;
				INFOPLIST_KEY_UILaunchStoryboardName = LaunchScreen;
				INFOPLIST_KEY_UIMainStoryboardFile = Main;
				INFOPLIST_KEY_UISupportedInterfaceOrientations_iPad = "UIInterfaceOrientationPortrait UIInterfaceOrientationPortraitUpsideDown UIInterfaceOrientationLandscapeLeft UIInterfaceOrientationLandscapeRight";
				INFOPLIST_KEY_UISupportedInterfaceOrientations_iPhone = "UIInterfaceOrientationPortrait UIInterfaceOrientationLandscapeLeft UIInterfaceOrientationLandscapeRight";
				LD_RUNPATH_SEARCH_PATHS = (
					"$(inherited)",
					"@executable_path/Frameworks",
				);
				MARKETING_VERSION = 1.0;
				PRODUCT_BUNDLE_IDENTIFIER = com.codepath.Flix.ramyar.Flix;
				PRODUCT_NAME = "$(TARGET_NAME)";
				SWIFT_EMIT_LOC_STRINGS = YES;
				SWIFT_VERSION = 5.0;
				TARGETED_DEVICE_FAMILY = "1,2";
			};
			name = Release;
		};
		0F793D1327AD7D0E00D9D835 /* Debug */ = {
			isa = XCBuildConfiguration;
			baseConfigurationReference = 3D9881FB69D38CF7A755A60E /* Pods-FlixTests.debug.xcconfig */;
			buildSettings = {
				ALWAYS_EMBED_SWIFT_STANDARD_LIBRARIES = YES;
				BUNDLE_LOADER = "$(TEST_HOST)";
				CODE_SIGN_STYLE = Automatic;
				CURRENT_PROJECT_VERSION = 1;
				DEVELOPMENT_TEAM = RPUYY564DK;
				GENERATE_INFOPLIST_FILE = YES;
				IPHONEOS_DEPLOYMENT_TARGET = 15.2;
				MARKETING_VERSION = 1.0;
				PRODUCT_BUNDLE_IDENTIFIER = com.codepath.Flix.ramyar.FlixTests;
				PRODUCT_NAME = "$(TARGET_NAME)";
				SWIFT_EMIT_LOC_STRINGS = NO;
				SWIFT_VERSION = 5.0;
				TARGETED_DEVICE_FAMILY = "1,2";
				TEST_HOST = "$(BUILT_PRODUCTS_DIR)/Flix.app/Flix";
			};
			name = Debug;
		};
		0F793D1427AD7D0E00D9D835 /* Release */ = {
			isa = XCBuildConfiguration;
			baseConfigurationReference = AB6E9C7C99B12DD6DF20FCC7 /* Pods-FlixTests.release.xcconfig */;
			buildSettings = {
				ALWAYS_EMBED_SWIFT_STANDARD_LIBRARIES = YES;
				BUNDLE_LOADER = "$(TEST_HOST)";
				CODE_SIGN_STYLE = Automatic;
				CURRENT_PROJECT_VERSION = 1;
				DEVELOPMENT_TEAM = RPUYY564DK;
				GENERATE_INFOPLIST_FILE = YES;
				IPHONEOS_DEPLOYMENT_TARGET = 15.2;
				MARKETING_VERSION = 1.0;
				PRODUCT_BUNDLE_IDENTIFIER = com.codepath.Flix.ramyar.FlixTests;
				PRODUCT_NAME = "$(TARGET_NAME)";
				SWIFT_EMIT_LOC_STRINGS = NO;
				SWIFT_VERSION = 5.0;
				TARGETED_DEVICE_FAMILY = "1,2";
				TEST_HOST = "$(BUILT_PRODUCTS_DIR)/Flix.app/Flix";
			};
			name = Release;
		};
		0F793D1627AD7D0E00D9D835 /* Debug */ = {
			isa = XCBuildConfiguration;
			baseConfigurationReference = 9A7A763D23C42E13839A6486 /* Pods-Flix-FlixUITests.debug.xcconfig */;
			buildSettings = {
				ALWAYS_EMBED_SWIFT_STANDARD_LIBRARIES = YES;
				CODE_SIGN_STYLE = Automatic;
				CURRENT_PROJECT_VERSION = 1;
				DEVELOPMENT_TEAM = RPUYY564DK;
				GENERATE_INFOPLIST_FILE = YES;
				MARKETING_VERSION = 1.0;
				PRODUCT_BUNDLE_IDENTIFIER = com.codepath.Flix.ramyar.FlixUITests;
				PRODUCT_NAME = "$(TARGET_NAME)";
				SWIFT_EMIT_LOC_STRINGS = NO;
				SWIFT_VERSION = 5.0;
				TARGETED_DEVICE_FAMILY = "1,2";
				TEST_TARGET_NAME = Flix;
			};
			name = Debug;
		};
		0F793D1727AD7D0E00D9D835 /* Release */ = {
			isa = XCBuildConfiguration;
			baseConfigurationReference = 244CFDEE4831233135A7411F /* Pods-Flix-FlixUITests.release.xcconfig */;
			buildSettings = {
				ALWAYS_EMBED_SWIFT_STANDARD_LIBRARIES = YES;
				CODE_SIGN_STYLE = Automatic;
				CURRENT_PROJECT_VERSION = 1;
				DEVELOPMENT_TEAM = RPUYY564DK;
				GENERATE_INFOPLIST_FILE = YES;
				MARKETING_VERSION = 1.0;
				PRODUCT_BUNDLE_IDENTIFIER = com.codepath.Flix.ramyar.FlixUITests;
				PRODUCT_NAME = "$(TARGET_NAME)";
				SWIFT_EMIT_LOC_STRINGS = NO;
				SWIFT_VERSION = 5.0;
				TARGETED_DEVICE_FAMILY = "1,2";
				TEST_TARGET_NAME = Flix;
			};
			name = Release;
		};
/* End XCBuildConfiguration section */

/* Begin XCConfigurationList section */
		0F793CE027AD7D0400D9D835 /* Build configuration list for PBXProject "Flix" */ = {
			isa = XCConfigurationList;
			buildConfigurations = (
				0F793D0D27AD7D0E00D9D835 /* Debug */,
				0F793D0E27AD7D0E00D9D835 /* Release */,
			);
			defaultConfigurationIsVisible = 0;
			defaultConfigurationName = Release;
		};
		0F793D0F27AD7D0E00D9D835 /* Build configuration list for PBXNativeTarget "Flix" */ = {
			isa = XCConfigurationList;
			buildConfigurations = (
				0F793D1027AD7D0E00D9D835 /* Debug */,
				0F793D1127AD7D0E00D9D835 /* Release */,
			);
			defaultConfigurationIsVisible = 0;
			defaultConfigurationName = Release;
		};
		0F793D1227AD7D0E00D9D835 /* Build configuration list for PBXNativeTarget "FlixTests" */ = {
			isa = XCConfigurationList;
			buildConfigurations = (
				0F793D1327AD7D0E00D9D835 /* Debug */,
				0F793D1427AD7D0E00D9D835 /* Release */,
			);
			defaultConfigurationIsVisible = 0;
			defaultConfigurationName = Release;
		};
		0F793D1527AD7D0E00D9D835 /* Build configuration list for PBXNativeTarget "FlixUITests" */ = {
			isa = XCConfigurationList;
			buildConfigurations = (
				0F793D1627AD7D0E00D9D835 /* Debug */,
				0F793D1727AD7D0E00D9D835 /* Release */,
			);
			defaultConfigurationIsVisible = 0;
			defaultConfigurationName = Release;
		};
/* End XCConfigurationList section */
	};
	rootObject = 0F793CDD27AD7D0400D9D835 /* Project object */;
}
